// !$*UTF8*$!
{
	archiveVersion = 1;
	classes = {
	};
	objectVersion = 56;
	objects = {

/* Begin PBXBuildFile section */
		A95120202C7D2E2000CA0759 /* LoginView.swift in Sources */ = {isa = PBXBuildFile; fileRef = A951201F2C7D2E2000CA0759 /* LoginView.swift */; };
		A95120222C7D31EF00CA0759 /* InputView.swift in Sources */ = {isa = PBXBuildFile; fileRef = A95120212C7D31EF00CA0759 /* InputView.swift */; };
		A95120242C7D509200CA0759 /* RegistrationView.swift in Sources */ = {isa = PBXBuildFile; fileRef = A95120232C7D509200CA0759 /* RegistrationView.swift */; };
		A95120262C7D677E00CA0759 /* ProfileView.swift in Sources */ = {isa = PBXBuildFile; fileRef = A95120252C7D677E00CA0759 /* ProfileView.swift */; };
		A95120282C7D6CA400CA0759 /* SettingsRowView.swift in Sources */ = {isa = PBXBuildFile; fileRef = A95120272C7D6CA400CA0759 /* SettingsRowView.swift */; };
		A951202A2C7D7B7B00CA0759 /* User.swift in Sources */ = {isa = PBXBuildFile; fileRef = A95120292C7D7B7B00CA0759 /* User.swift */; };
		A95120302C7D8CDD00CA0759 /* AuthViewModel.swift in Sources */ = {isa = PBXBuildFile; fileRef = A951202F2C7D8CDD00CA0759 /* AuthViewModel.swift */; };
		A95120342C7DA9F600CA0759 /* GoogleService-Info.plist in Resources */ = {isa = PBXBuildFile; fileRef = A95120332C7DA9F600CA0759 /* GoogleService-Info.plist */; };
		A958BBEF2C78C0A500A8FE0C /* RitualsApp.swift in Sources */ = {isa = PBXBuildFile; fileRef = A958BBEE2C78C0A500A8FE0C /* RitualsApp.swift */; };
		A958BBF12C78C0A500A8FE0C /* ContentView.swift in Sources */ = {isa = PBXBuildFile; fileRef = A958BBF02C78C0A500A8FE0C /* ContentView.swift */; };
		A958BBF32C78C0A700A8FE0C /* Assets.xcassets in Resources */ = {isa = PBXBuildFile; fileRef = A958BBF22C78C0A700A8FE0C /* Assets.xcassets */; };
		A958BBF62C78C0A700A8FE0C /* Preview Assets.xcassets in Resources */ = {isa = PBXBuildFile; fileRef = A958BBF52C78C0A700A8FE0C /* Preview Assets.xcassets */; };
		A9F110402C7EE1E5005E1A31 /* FirebaseAuth in Frameworks */ = {isa = PBXBuildFile; productRef = A9F1103F2C7EE1E5005E1A31 /* FirebaseAuth */; };
		A9F110422C7EE1E5005E1A31 /* FirebaseDatabase in Frameworks */ = {isa = PBXBuildFile; productRef = A9F110412C7EE1E5005E1A31 /* FirebaseDatabase */; };
		A9F110442C7EE1E5005E1A31 /* FirebaseFirestore in Frameworks */ = {isa = PBXBuildFile; productRef = A9F110432C7EE1E5005E1A31 /* FirebaseFirestore */; };
		A9F110462C7EE1E5005E1A31 /* FirebaseStorage in Frameworks */ = {isa = PBXBuildFile; productRef = A9F110452C7EE1E5005E1A31 /* FirebaseStorage */; };
/* End PBXBuildFile section */

/* Begin PBXFileReference section */
		A951201F2C7D2E2000CA0759 /* LoginView.swift */ = {isa = PBXFileReference; lastKnownFileType = sourcecode.swift; path = LoginView.swift; sourceTree = "<group>"; };
		A95120212C7D31EF00CA0759 /* InputView.swift */ = {isa = PBXFileReference; lastKnownFileType = sourcecode.swift; path = InputView.swift; sourceTree = "<group>"; };
		A95120232C7D509200CA0759 /* RegistrationView.swift */ = {isa = PBXFileReference; lastKnownFileType = sourcecode.swift; path = RegistrationView.swift; sourceTree = "<group>"; };
		A95120252C7D677E00CA0759 /* ProfileView.swift */ = {isa = PBXFileReference; lastKnownFileType = sourcecode.swift; path = ProfileView.swift; sourceTree = "<group>"; };
		A95120272C7D6CA400CA0759 /* SettingsRowView.swift */ = {isa = PBXFileReference; lastKnownFileType = sourcecode.swift; path = SettingsRowView.swift; sourceTree = "<group>"; };
		A95120292C7D7B7B00CA0759 /* User.swift */ = {isa = PBXFileReference; lastKnownFileType = sourcecode.swift; path = User.swift; sourceTree = "<group>"; };
		A951202F2C7D8CDD00CA0759 /* AuthViewModel.swift */ = {isa = PBXFileReference; lastKnownFileType = sourcecode.swift; path = AuthViewModel.swift; sourceTree = "<group>"; };
		A95120332C7DA9F600CA0759 /* GoogleService-Info.plist */ = {isa = PBXFileReference; fileEncoding = 4; lastKnownFileType = text.plist.xml; path = "GoogleService-Info.plist"; sourceTree = SOURCE_ROOT; };
		A958BBEB2C78C0A500A8FE0C /* Rituals.app */ = {isa = PBXFileReference; explicitFileType = wrapper.application; includeInIndex = 0; path = Rituals.app; sourceTree = BUILT_PRODUCTS_DIR; };
		A958BBEE2C78C0A500A8FE0C /* RitualsApp.swift */ = {isa = PBXFileReference; lastKnownFileType = sourcecode.swift; path = RitualsApp.swift; sourceTree = "<group>"; };
		A958BBF02C78C0A500A8FE0C /* ContentView.swift */ = {isa = PBXFileReference; lastKnownFileType = sourcecode.swift; path = ContentView.swift; sourceTree = "<group>"; };
		A958BBF22C78C0A700A8FE0C /* Assets.xcassets */ = {isa = PBXFileReference; lastKnownFileType = folder.assetcatalog; path = Assets.xcassets; sourceTree = "<group>"; };
		A958BBF52C78C0A700A8FE0C /* Preview Assets.xcassets */ = {isa = PBXFileReference; lastKnownFileType = folder.assetcatalog; path = "Preview Assets.xcassets"; sourceTree = "<group>"; };
/* End PBXFileReference section */

/* Begin PBXFrameworksBuildPhase section */
		A958BBE82C78C0A500A8FE0C /* Frameworks */ = {
			isa = PBXFrameworksBuildPhase;
			buildActionMask = 2147483647;
			files = (
				A9F110422C7EE1E5005E1A31 /* FirebaseDatabase in Frameworks */,
				A9F110462C7EE1E5005E1A31 /* FirebaseStorage in Frameworks */,
				A9F110402C7EE1E5005E1A31 /* FirebaseAuth in Frameworks */,
				A9F110442C7EE1E5005E1A31 /* FirebaseFirestore in Frameworks */,
			);
			runOnlyForDeploymentPostprocessing = 0;
		};
/* End PBXFrameworksBuildPhase section */

/* Begin PBXGroup section */
		A95120192C7D2B8C00CA0759 /* Model */ = {
			isa = PBXGroup;
			children = (
				A95120292C7D7B7B00CA0759 /* User.swift */,
			);
			path = Model;
			sourceTree = "<group>";
		};
		A951201A2C7D2BB900CA0759 /* Components */ = {
			isa = PBXGroup;
			children = (
				A95120212C7D31EF00CA0759 /* InputView.swift */,
				A95120272C7D6CA400CA0759 /* SettingsRowView.swift */,
			);
			path = Components;
			sourceTree = "<group>";
		};
		A951201B2C7D2BE200CA0759 /* Core */ = {
			isa = PBXGroup;
			children = (
				A951201D2C7D2D2400CA0759 /* Authentication */,
				A951201E2C7D2D6500CA0759 /* Profile */,
				A951201C2C7D2D1600CA0759 /* Root */,
			);
			path = Core;
			sourceTree = "<group>";
		};
		A951201C2C7D2D1600CA0759 /* Root */ = {
			isa = PBXGroup;
			children = (
			);
			path = Root;
			sourceTree = "<group>";
		};
		A951201D2C7D2D2400CA0759 /* Authentication */ = {
			isa = PBXGroup;
			children = (
				A951202E2C7D8CA200CA0759 /* ViewModel */,
				A951202D2C7D8C8300CA0759 /* View */,
			);
			path = Authentication;
			sourceTree = "<group>";
		};
		A951201E2C7D2D6500CA0759 /* Profile */ = {
			isa = PBXGroup;
			children = (
				A95120252C7D677E00CA0759 /* ProfileView.swift */,
			);
			path = Profile;
			sourceTree = "<group>";
		};
		A951202D2C7D8C8300CA0759 /* View */ = {
			isa = PBXGroup;
			children = (
				A951201F2C7D2E2000CA0759 /* LoginView.swift */,
				A95120232C7D509200CA0759 /* RegistrationView.swift */,
			);
			path = View;
			sourceTree = "<group>";
		};
		A951202E2C7D8CA200CA0759 /* ViewModel */ = {
			isa = PBXGroup;
			children = (
				A951202F2C7D8CDD00CA0759 /* AuthViewModel.swift */,
			);
			path = ViewModel;
			sourceTree = "<group>";
		};
		A958BBE22C78C0A500A8FE0C = {
			isa = PBXGroup;
			children = (
				A958BBED2C78C0A500A8FE0C /* Rituals */,
				A958BBEC2C78C0A500A8FE0C /* Products */,
			);
			sourceTree = "<group>";
		};
		A958BBEC2C78C0A500A8FE0C /* Products */ = {
			isa = PBXGroup;
			children = (
				A958BBEB2C78C0A500A8FE0C /* Rituals.app */,
			);
			name = Products;
			sourceTree = "<group>";
		};
		A958BBED2C78C0A500A8FE0C /* Rituals */ = {
			isa = PBXGroup;
			children = (
				A951201A2C7D2BB900CA0759 /* Components */,
				A951201B2C7D2BE200CA0759 /* Core */,
				A95120192C7D2B8C00CA0759 /* Model */,
				A958BBEE2C78C0A500A8FE0C /* RitualsApp.swift */,
				A958BBF02C78C0A500A8FE0C /* ContentView.swift */,
				A958BBF22C78C0A700A8FE0C /* Assets.xcassets */,
				A95120332C7DA9F600CA0759 /* GoogleService-Info.plist */,
				A958BBF42C78C0A700A8FE0C /* Preview Content */,
			);
			path = Rituals;
			sourceTree = "<group>";
		};
		A958BBF42C78C0A700A8FE0C /* Preview Content */ = {
			isa = PBXGroup;
			children = (
				A958BBF52C78C0A700A8FE0C /* Preview Assets.xcassets */,
			);
			path = "Preview Content";
			sourceTree = "<group>";
		};
/* End PBXGroup section */

/* Begin PBXNativeTarget section */
		A958BBEA2C78C0A500A8FE0C /* Rituals */ = {
			isa = PBXNativeTarget;
			buildConfigurationList = A958BBF92C78C0A700A8FE0C /* Build configuration list for PBXNativeTarget "Rituals" */;
			buildPhases = (
				A958BBE72C78C0A500A8FE0C /* Sources */,
				A958BBE82C78C0A500A8FE0C /* Frameworks */,
				A958BBE92C78C0A500A8FE0C /* Resources */,
			);
			buildRules = (
			);
			dependencies = (
			);
			name = Rituals;
			packageProductDependencies = (
				A9F1103F2C7EE1E5005E1A31 /* FirebaseAuth */,
				A9F110412C7EE1E5005E1A31 /* FirebaseDatabase */,
				A9F110432C7EE1E5005E1A31 /* FirebaseFirestore */,
				A9F110452C7EE1E5005E1A31 /* FirebaseStorage */,
			);
			productName = Rituals;
			productReference = A958BBEB2C78C0A500A8FE0C /* Rituals.app */;
			productType = "com.apple.product-type.application";
		};
/* End PBXNativeTarget section */

/* Begin PBXProject section */
		A958BBE32C78C0A500A8FE0C /* Project object */ = {
			isa = PBXProject;
			attributes = {
				BuildIndependentTargetsInParallel = 1;
				LastSwiftUpdateCheck = 1540;
				LastUpgradeCheck = 1540;
				TargetAttributes = {
					A958BBEA2C78C0A500A8FE0C = {
						CreatedOnToolsVersion = 15.4;
					};
				};
			};
			buildConfigurationList = A958BBE62C78C0A500A8FE0C /* Build configuration list for PBXProject "Rituals" */;
			compatibilityVersion = "Xcode 14.0";
			developmentRegion = en;
			hasScannedForEncodings = 0;
			knownRegions = (
				en,
				Base,
			);
			mainGroup = A958BBE22C78C0A500A8FE0C;
			packageReferences = (
				A9F1103E2C7EE1E5005E1A31 /* XCRemoteSwiftPackageReference "firebase-ios-sdk" */,
			);
			productRefGroup = A958BBEC2C78C0A500A8FE0C /* Products */;
			projectDirPath = "";
			projectRoot = "";
			targets = (
				A958BBEA2C78C0A500A8FE0C /* Rituals */,
			);
		};
/* End PBXProject section */

/* Begin PBXResourcesBuildPhase section */
		A958BBE92C78C0A500A8FE0C /* Resources */ = {
			isa = PBXResourcesBuildPhase;
			buildActionMask = 2147483647;
			files = (
				A958BBF62C78C0A700A8FE0C /* Preview Assets.xcassets in Resources */,
				A958BBF32C78C0A700A8FE0C /* Assets.xcassets in Resources */,
				A95120342C7DA9F600CA0759 /* GoogleService-Info.plist in Resources */,
			);
			runOnlyForDeploymentPostprocessing = 0;
		};
/* End PBXResourcesBuildPhase section */

/* Begin PBXSourcesBuildPhase section */
		A958BBE72C78C0A500A8FE0C /* Sources */ = {
			isa = PBXSourcesBuildPhase;
			buildActionMask = 2147483647;
			files = (
				A95120302C7D8CDD00CA0759 /* AuthViewModel.swift in Sources */,
				A958BBF12C78C0A500A8FE0C /* ContentView.swift in Sources */,
				A958BBEF2C78C0A500A8FE0C /* RitualsApp.swift in Sources */,
				A95120222C7D31EF00CA0759 /* InputView.swift in Sources */,
				A95120242C7D509200CA0759 /* RegistrationView.swift in Sources */,
				A95120282C7D6CA400CA0759 /* SettingsRowView.swift in Sources */,
				A951202A2C7D7B7B00CA0759 /* User.swift in Sources */,
				A95120202C7D2E2000CA0759 /* LoginView.swift in Sources */,
				A95120262C7D677E00CA0759 /* ProfileView.swift in Sources */,
			);
			runOnlyForDeploymentPostprocessing = 0;
		};
/* End PBXSourcesBuildPhase section */

/* Begin XCBuildConfiguration section */
		A958BBF72C78C0A700A8FE0C /* Debug */ = {
			isa = XCBuildConfiguration;
			buildSettings = {
				ALWAYS_SEARCH_USER_PATHS = NO;
				ASSETCATALOG_COMPILER_GENERATE_SWIFT_ASSET_SYMBOL_EXTENSIONS = YES;
				CLANG_ANALYZER_NONNULL = YES;
				CLANG_ANALYZER_NUMBER_OBJECT_CONVERSION = YES_AGGRESSIVE;
				CLANG_CXX_LANGUAGE_STANDARD = "gnu++20";
				CLANG_ENABLE_MODULES = YES;
				CLANG_ENABLE_OBJC_ARC = YES;
				CLANG_ENABLE_OBJC_WEAK = YES;
				CLANG_WARN_BLOCK_CAPTURE_AUTORELEASING = YES;
				CLANG_WARN_BOOL_CONVERSION = YES;
				CLANG_WARN_COMMA = YES;
				CLANG_WARN_CONSTANT_CONVERSION = YES;
				CLANG_WARN_DEPRECATED_OBJC_IMPLEMENTATIONS = YES;
				CLANG_WARN_DIRECT_OBJC_ISA_USAGE = YES_ERROR;
				CLANG_WARN_DOCUMENTATION_COMMENTS = YES;
				CLANG_WARN_EMPTY_BODY = YES;
				CLANG_WARN_ENUM_CONVERSION = YES;
				CLANG_WARN_INFINITE_RECURSION = YES;
				CLANG_WARN_INT_CONVERSION = YES;
				CLANG_WARN_NON_LITERAL_NULL_CONVERSION = YES;
				CLANG_WARN_OBJC_IMPLICIT_RETAIN_SELF = YES;
				CLANG_WARN_OBJC_LITERAL_CONVERSION = YES;
				CLANG_WARN_OBJC_ROOT_CLASS = YES_ERROR;
				CLANG_WARN_QUOTED_INCLUDE_IN_FRAMEWORK_HEADER = YES;
				CLANG_WARN_RANGE_LOOP_ANALYSIS = YES;
				CLANG_WARN_STRICT_PROTOTYPES = YES;
				CLANG_WARN_SUSPICIOUS_MOVE = YES;
				CLANG_WARN_UNGUARDED_AVAILABILITY = YES_AGGRESSIVE;
				CLANG_WARN_UNREACHABLE_CODE = YES;
				CLANG_WARN__DUPLICATE_METHOD_MATCH = YES;
				COPY_PHASE_STRIP = NO;
				DEBUG_INFORMATION_FORMAT = dwarf;
				ENABLE_STRICT_OBJC_MSGSEND = YES;
				ENABLE_TESTABILITY = YES;
				ENABLE_USER_SCRIPT_SANDBOXING = YES;
				GCC_C_LANGUAGE_STANDARD = gnu17;
				GCC_DYNAMIC_NO_PIC = NO;
				GCC_NO_COMMON_BLOCKS = YES;
				GCC_OPTIMIZATION_LEVEL = 0;
				GCC_PREPROCESSOR_DEFINITIONS = (
					"DEBUG=1",
					"$(inherited)",
				);
				GCC_WARN_64_TO_32_BIT_CONVERSION = YES;
				GCC_WARN_ABOUT_RETURN_TYPE = YES_ERROR;
				GCC_WARN_UNDECLARED_SELECTOR = YES;
				GCC_WARN_UNINITIALIZED_AUTOS = YES_AGGRESSIVE;
				GCC_WARN_UNUSED_FUNCTION = YES;
				GCC_WARN_UNUSED_VARIABLE = YES;
				IPHONEOS_DEPLOYMENT_TARGET = 17.5;
				LOCALIZATION_PREFERS_STRING_CATALOGS = YES;
				MTL_ENABLE_DEBUG_INFO = INCLUDE_SOURCE;
				MTL_FAST_MATH = YES;
				ONLY_ACTIVE_ARCH = YES;
				SDKROOT = iphoneos;
				SWIFT_ACTIVE_COMPILATION_CONDITIONS = "DEBUG $(inherited)";
				SWIFT_OPTIMIZATION_LEVEL = "-Onone";
			};
			name = Debug;
		};
		A958BBF82C78C0A700A8FE0C /* Release */ = {
			isa = XCBuildConfiguration;
			buildSettings = {
				ALWAYS_SEARCH_USER_PATHS = NO;
				ASSETCATALOG_COMPILER_GENERATE_SWIFT_ASSET_SYMBOL_EXTENSIONS = YES;
				CLANG_ANALYZER_NONNULL = YES;
				CLANG_ANALYZER_NUMBER_OBJECT_CONVERSION = YES_AGGRESSIVE;
				CLANG_CXX_LANGUAGE_STANDARD = "gnu++20";
				CLANG_ENABLE_MODULES = YES;
				CLANG_ENABLE_OBJC_ARC = YES;
				CLANG_ENABLE_OBJC_WEAK = YES;
				CLANG_WARN_BLOCK_CAPTURE_AUTORELEASING = YES;
				CLANG_WARN_BOOL_CONVERSION = YES;
				CLANG_WARN_COMMA = YES;
				CLANG_WARN_CONSTANT_CONVERSION = YES;
				CLANG_WARN_DEPRECATED_OBJC_IMPLEMENTATIONS = YES;
				CLANG_WARN_DIRECT_OBJC_ISA_USAGE = YES_ERROR;
				CLANG_WARN_DOCUMENTATION_COMMENTS = YES;
				CLANG_WARN_EMPTY_BODY = YES;
				CLANG_WARN_ENUM_CONVERSION = YES;
				CLANG_WARN_INFINITE_RECURSION = YES;
				CLANG_WARN_INT_CONVERSION = YES;
				CLANG_WARN_NON_LITERAL_NULL_CONVERSION = YES;
				CLANG_WARN_OBJC_IMPLICIT_RETAIN_SELF = YES;
				CLANG_WARN_OBJC_LITERAL_CONVERSION = YES;
				CLANG_WARN_OBJC_ROOT_CLASS = YES_ERROR;
				CLANG_WARN_QUOTED_INCLUDE_IN_FRAMEWORK_HEADER = YES;
				CLANG_WARN_RANGE_LOOP_ANALYSIS = YES;
				CLANG_WARN_STRICT_PROTOTYPES = YES;
				CLANG_WARN_SUSPICIOUS_MOVE = YES;
				CLANG_WARN_UNGUARDED_AVAILABILITY = YES_AGGRESSIVE;
				CLANG_WARN_UNREACHABLE_CODE = YES;
				CLANG_WARN__DUPLICATE_METHOD_MATCH = YES;
				COPY_PHASE_STRIP = NO;
				DEBUG_INFORMATION_FORMAT = "dwarf-with-dsym";
				ENABLE_NS_ASSERTIONS = NO;
				ENABLE_STRICT_OBJC_MSGSEND = YES;
				ENABLE_USER_SCRIPT_SANDBOXING = YES;
				GCC_C_LANGUAGE_STANDARD = gnu17;
				GCC_NO_COMMON_BLOCKS = YES;
				GCC_WARN_64_TO_32_BIT_CONVERSION = YES;
				GCC_WARN_ABOUT_RETURN_TYPE = YES_ERROR;
				GCC_WARN_UNDECLARED_SELECTOR = YES;
				GCC_WARN_UNINITIALIZED_AUTOS = YES_AGGRESSIVE;
				GCC_WARN_UNUSED_FUNCTION = YES;
				GCC_WARN_UNUSED_VARIABLE = YES;
				IPHONEOS_DEPLOYMENT_TARGET = 17.5;
				LOCALIZATION_PREFERS_STRING_CATALOGS = YES;
				MTL_ENABLE_DEBUG_INFO = NO;
				MTL_FAST_MATH = YES;
				SDKROOT = iphoneos;
				SWIFT_COMPILATION_MODE = wholemodule;
				VALIDATE_PRODUCT = YES;
			};
			name = Release;
		};
		A958BBFA2C78C0A700A8FE0C /* Debug */ = {
			isa = XCBuildConfiguration;
			buildSettings = {
				ASSETCATALOG_COMPILER_APPICON_NAME = AppIcon;
				ASSETCATALOG_COMPILER_GLOBAL_ACCENT_COLOR_NAME = AccentColor;
				CODE_SIGN_STYLE = Automatic;
				CURRENT_PROJECT_VERSION = 1;
				DEVELOPMENT_ASSET_PATHS = "\"Rituals/Preview Content\"";
				ENABLE_PREVIEWS = YES;
				GENERATE_INFOPLIST_FILE = YES;
				INFOPLIST_KEY_UIApplicationSceneManifest_Generation = YES;
				INFOPLIST_KEY_UIApplicationSupportsIndirectInputEvents = YES;
				INFOPLIST_KEY_UILaunchScreen_Generation = YES;
				INFOPLIST_KEY_UISupportedInterfaceOrientations_iPad = "UIInterfaceOrientationPortrait UIInterfaceOrientationPortraitUpsideDown UIInterfaceOrientationLandscapeLeft UIInterfaceOrientationLandscapeRight";
				INFOPLIST_KEY_UISupportedInterfaceOrientations_iPhone = "UIInterfaceOrientationPortrait UIInterfaceOrientationLandscapeLeft UIInterfaceOrientationLandscapeRight";
				LD_RUNPATH_SEARCH_PATHS = (
					"$(inherited)",
					"@executable_path/Frameworks",
				);
				MARKETING_VERSION = 1.0;
				PRODUCT_BUNDLE_IDENTIFIER = "de.syntax-Institut.Rituals";
				PRODUCT_NAME = "$(TARGET_NAME)";
				SWIFT_EMIT_LOC_STRINGS = YES;
				SWIFT_VERSION = 5.0;
				TARGETED_DEVICE_FAMILY = "1,2";
			};
			name = Debug;
		};
		A958BBFB2C78C0A700A8FE0C /* Release */ = {
			isa = XCBuildConfiguration;
			buildSettings = {
				ASSETCATALOG_COMPILER_APPICON_NAME = AppIcon;
				ASSETCATALOG_COMPILER_GLOBAL_ACCENT_COLOR_NAME = AccentColor;
				CODE_SIGN_STYLE = Automatic;
				CURRENT_PROJECT_VERSION = 1;
				DEVELOPMENT_ASSET_PATHS = "\"Rituals/Preview Content\"";
				ENABLE_PREVIEWS = YES;
				GENERATE_INFOPLIST_FILE = YES;
				INFOPLIST_KEY_UIApplicationSceneManifest_Generation = YES;
				INFOPLIST_KEY_UIApplicationSupportsIndirectInputEvents = YES;
				INFOPLIST_KEY_UILaunchScreen_Generation = YES;
				INFOPLIST_KEY_UISupportedInterfaceOrientations_iPad = "UIInterfaceOrientationPortrait UIInterfaceOrientationPortraitUpsideDown UIInterfaceOrientationLandscapeLeft UIInterfaceOrientationLandscapeRight";
				INFOPLIST_KEY_UISupportedInterfaceOrientations_iPhone = "UIInterfaceOrientationPortrait UIInterfaceOrientationLandscapeLeft UIInterfaceOrientationLandscapeRight";
				LD_RUNPATH_SEARCH_PATHS = (
					"$(inherited)",
					"@executable_path/Frameworks",
				);
				MARKETING_VERSION = 1.0;
				PRODUCT_BUNDLE_IDENTIFIER = "de.syntax-Institut.Rituals";
				PRODUCT_NAME = "$(TARGET_NAME)";
				SWIFT_EMIT_LOC_STRINGS = YES;
				SWIFT_VERSION = 5.0;
				TARGETED_DEVICE_FAMILY = "1,2";
			};
			name = Release;
		};
/* End XCBuildConfiguration section */

/* Begin XCConfigurationList section */
		A958BBE62C78C0A500A8FE0C /* Build configuration list for PBXProject "Rituals" */ = {
			isa = XCConfigurationList;
			buildConfigurations = (
				A958BBF72C78C0A700A8FE0C /* Debug */,
				A958BBF82C78C0A700A8FE0C /* Release */,
			);
			defaultConfigurationIsVisible = 0;
			defaultConfigurationName = Release;
		};
		A958BBF92C78C0A700A8FE0C /* Build configuration list for PBXNativeTarget "Rituals" */ = {
			isa = XCConfigurationList;
			buildConfigurations = (
				A958BBFA2C78C0A700A8FE0C /* Debug */,
				A958BBFB2C78C0A700A8FE0C /* Release */,
			);
			defaultConfigurationIsVisible = 0;
			defaultConfigurationName = Release;
		};
/* End XCConfigurationList section */

/* Begin XCRemoteSwiftPackageReference section */
		A9F1103E2C7EE1E5005E1A31 /* XCRemoteSwiftPackageReference "firebase-ios-sdk" */ = {
			isa = XCRemoteSwiftPackageReference;
			repositoryURL = "https://github.com/firebase/firebase-ios-sdk";
			requirement = {
				kind = upToNextMajorVersion;
				minimumVersion = 11.1.0;
			};
		};
/* End XCRemoteSwiftPackageReference section */

/* Begin XCSwiftPackageProductDependency section */
		A9F1103F2C7EE1E5005E1A31 /* FirebaseAuth */ = {
			isa = XCSwiftPackageProductDependency;
			package = A9F1103E2C7EE1E5005E1A31 /* XCRemoteSwiftPackageReference "firebase-ios-sdk" */;
			productName = FirebaseAuth;
		};
		A9F110412C7EE1E5005E1A31 /* FirebaseDatabase */ = {
			isa = XCSwiftPackageProductDependency;
			package = A9F1103E2C7EE1E5005E1A31 /* XCRemoteSwiftPackageReference "firebase-ios-sdk" */;
			productName = FirebaseDatabase;
		};
		A9F110432C7EE1E5005E1A31 /* FirebaseFirestore */ = {
			isa = XCSwiftPackageProductDependency;
			package = A9F1103E2C7EE1E5005E1A31 /* XCRemoteSwiftPackageReference "firebase-ios-sdk" */;
			productName = FirebaseFirestore;
		};
		A9F110452C7EE1E5005E1A31 /* FirebaseStorage */ = {
			isa = XCSwiftPackageProductDependency;
			package = A9F1103E2C7EE1E5005E1A31 /* XCRemoteSwiftPackageReference "firebase-ios-sdk" */;
			productName = FirebaseStorage;
		};
/* End XCSwiftPackageProductDependency section */
	};
	rootObject = A958BBE32C78C0A500A8FE0C /* Project object */;
}
